
Microsoft Visual Studio Solution File, Format Version 12.00
# Visual Studio Version 17
VisualStudioVersion = 17.9.34728.123
MinimumVisualStudioVersion = 10.0.40219.1
Project("{2150E333-8FDC-42A3-9474-1A3956D46DE8}") = "01 - Testes de Unidade", "01 - Testes de Unidade", "{C785D463-9D8B-4839-9C2F-917CF8018A22}"
EndProject
Project("{2150E333-8FDC-42A3-9474-1A3956D46DE8}") = "1.1 - Testes Basicos", "1.1 - Testes Basicos", "{2C1279E1-DAEF-4B95-94C8-022F5EB9885F}"
EndProject
Project("{9A19103F-16F7-4668-BE54-9A1E7A4F7556}") = "Demo", "01 - Teste de Unidade\Demo\Demo.csproj", "{692178A4-8172-4C87-8F3C-3A5CE71E7833}"
EndProject
Project("{9A19103F-16F7-4668-BE54-9A1E7A4F7556}") = "Demo.Tests", "01 - Teste de Unidade\Demo.Tests\Demo.Tests.csproj", "{CAD7960F-8F2C-42AC-AF12-0F39B99DA615}"
EndProject
Project("{2150E333-8FDC-42A3-9474-1A3956D46DE8}") = "2.2 - Features", "2.2 - Features", "{CDCAC362-0D31-49FB-AD79-59BC9D7AE16A}"
EndProject
Project("{9A19103F-16F7-4668-BE54-9A1E7A4F7556}") = "Features.Tests", "01 - Teste de Unidade\Feature.Tests\Features.Tests.csproj", "{D59CE912-7492-4CC0-9709-C87BCBADE871}"
EndProject
Project("{9A19103F-16F7-4668-BE54-9A1E7A4F7556}") = "Features", "01 - Teste de Unidade\Features\Features.csproj", "{106D2B53-CFD6-4CFB-B607-4DE567B44778}"
EndProject
Project("{2150E333-8FDC-42A3-9474-1A3956D46DE8}") = "02 - TDD", "02 - TDD", "{14ED7015-7A49-4575-AD60-21A9871F1A8B}"
EndProject
Project("{2150E333-8FDC-42A3-9474-1A3956D46DE8}") = "Tests", "Tests", "{8D26BFCB-6592-409A-9AF1-4C543103ED72}"
EndProject
Project("{9A19103F-16F7-4668-BE54-9A1E7A4F7556}") = "NerdStore.Vendas.Domain", "02 - TDD\src\NerdStore.Vendas.Domain\NerdStore.Vendas.Domain.csproj", "{047C0FB4-626F-4FF7-BC12-788CBE72C06C}"
EndProject
Project("{9A19103F-16F7-4668-BE54-9A1E7A4F7556}") = "NerdStore.Vendas.Application.Tests", "02 - TDD\tests\NerdStore.Vendas.Application.Tests\NerdStore.Vendas.Application.Tests.csproj", "{7E792555-07F4-4210-8753-10042397DB46}"
EndProject
Project("{9A19103F-16F7-4668-BE54-9A1E7A4F7556}") = "NerdStore.Vendas.Domain.Tests", "02 - TDD\tests\NerdStore.Vendas.Domain.Tests\NerdStore.Vendas.Domain.Tests.csproj", "{49391D78-4B93-45DF-8776-C8EC7DF7F557}"
EndProject
Project("{9A19103F-16F7-4668-BE54-9A1E7A4F7556}") = "NerdStore.Core", "02 - TDD\src\NerdStore.Core\NerdStore.Core.csproj", "{3D622E7D-936D-42E7-B569-FB6BE7C0F1A5}"
EndProject
Project("{9A19103F-16F7-4668-BE54-9A1E7A4F7556}") = "NerdStore.Vendas.Application", "02 - TDD\src\NerdStore.Vendas.Application\NerdStore.Vendas.Application.csproj", "{B752CF58-0B74-4DEA-AA67-56262CEF560F}"
EndProject
Project("{9A19103F-16F7-4668-BE54-9A1E7A4F7556}") = "NerdStore.Vendas.Infra", "02 - TDD\src\NerdStore.Vendas.Infra\NerdStore.Vendas.Infra.csproj", "{04D24A0B-3D9D-42B6-B577-9D06228066DC}"
EndProject
Project("{2150E333-8FDC-42A3-9474-1A3956D46DE8}") = "03 - Testes de Integracao", "03 - Testes de Integracao", "{01CD675B-2238-422F-A60D-8779D5505ED4}"
EndProject
Project("{2150E333-8FDC-42A3-9474-1A3956D46DE8}") = "Integration Tests", "Integration Tests", "{27A7364C-F0D1-4662-803D-C5C215AF0691}"
EndProject
Project("{9A19103F-16F7-4668-BE54-9A1E7A4F7556}") = "NerdStore.WebApp.Tests", "03 - Testes de Integracao\tests\NerdStore.WebApp.Tests\NerdStore.WebApp.Tests.csproj", "{B04746C8-FB75-4D19-9CBE-1467D7BB0CAA}"
EndProject
Project("{9A19103F-16F7-4668-BE54-9A1E7A4F7556}") = "NerdStore.Catalogo.Application", "03 - Testes de Integracao\src\NerdStore.Catalogo.Application\NerdStore.Catalogo.Application.csproj", "{4AD7F4D6-6CA6-4995-97DA-F2D5CC84B24E}"
EndProject
Project("{9A19103F-16F7-4668-BE54-9A1E7A4F7556}") = "NerdStore.Catalogo.Infra", "03 - Testes de Integracao\src\NerdStore.Catalogo.Infra\NerdStore.Catalogo.Infra.csproj", "{1F12DBAA-EBE7-433D-BC8F-8DC31FB972AC}"
EndProject
Project("{9A19103F-16F7-4668-BE54-9A1E7A4F7556}") = "NerdStore.Catalogo.Domain", "03 - Testes de Integracao\src\NerdStore.Catalogo.Domain\NerdStore.Catalogo.Domain.csproj", "{66774A02-DFC7-4BEF-89A4-55CD7CDB5A4C}"
EndProject
Project("{9A19103F-16F7-4668-BE54-9A1E7A4F7556}") = "NerdStore.WebApp.MVC", "03 - Testes de Integracao\src\NerdStore.WebApp.MVC\NerdStore.WebApp.MVC.csproj", "{C13A997D-A656-49B9-B939-574DACD18B24}"
EndProject
Global
	GlobalSection(SolutionConfigurationPlatforms) = preSolution
		Debug|Any CPU = Debug|Any CPU
		Release|Any CPU = Release|Any CPU
	EndGlobalSection
	GlobalSection(ProjectConfigurationPlatforms) = postSolution
		{692178A4-8172-4C87-8F3C-3A5CE71E7833}.Debug|Any CPU.ActiveCfg = Debug|Any CPU
		{692178A4-8172-4C87-8F3C-3A5CE71E7833}.Debug|Any CPU.Build.0 = Debug|Any CPU
		{692178A4-8172-4C87-8F3C-3A5CE71E7833}.Release|Any CPU.ActiveCfg = Release|Any CPU
		{692178A4-8172-4C87-8F3C-3A5CE71E7833}.Release|Any CPU.Build.0 = Release|Any CPU
		{CAD7960F-8F2C-42AC-AF12-0F39B99DA615}.Debug|Any CPU.ActiveCfg = Debug|Any CPU
		{CAD7960F-8F2C-42AC-AF12-0F39B99DA615}.Debug|Any CPU.Build.0 = Debug|Any CPU
		{CAD7960F-8F2C-42AC-AF12-0F39B99DA615}.Release|Any CPU.ActiveCfg = Release|Any CPU
		{CAD7960F-8F2C-42AC-AF12-0F39B99DA615}.Release|Any CPU.Build.0 = Release|Any CPU
		{D59CE912-7492-4CC0-9709-C87BCBADE871}.Debug|Any CPU.ActiveCfg = Debug|Any CPU
		{D59CE912-7492-4CC0-9709-C87BCBADE871}.Debug|Any CPU.Build.0 = Debug|Any CPU
		{D59CE912-7492-4CC0-9709-C87BCBADE871}.Release|Any CPU.ActiveCfg = Release|Any CPU
		{D59CE912-7492-4CC0-9709-C87BCBADE871}.Release|Any CPU.Build.0 = Release|Any CPU
		{106D2B53-CFD6-4CFB-B607-4DE567B44778}.Debug|Any CPU.ActiveCfg = Debug|Any CPU
		{106D2B53-CFD6-4CFB-B607-4DE567B44778}.Debug|Any CPU.Build.0 = Debug|Any CPU
		{106D2B53-CFD6-4CFB-B607-4DE567B44778}.Release|Any CPU.ActiveCfg = Release|Any CPU
		{106D2B53-CFD6-4CFB-B607-4DE567B44778}.Release|Any CPU.Build.0 = Release|Any CPU
		{047C0FB4-626F-4FF7-BC12-788CBE72C06C}.Debug|Any CPU.ActiveCfg = Debug|Any CPU
		{047C0FB4-626F-4FF7-BC12-788CBE72C06C}.Debug|Any CPU.Build.0 = Debug|Any CPU
		{047C0FB4-626F-4FF7-BC12-788CBE72C06C}.Release|Any CPU.ActiveCfg = Release|Any CPU
		{047C0FB4-626F-4FF7-BC12-788CBE72C06C}.Release|Any CPU.Build.0 = Release|Any CPU
		{7E792555-07F4-4210-8753-10042397DB46}.Debug|Any CPU.ActiveCfg = Debug|Any CPU
		{7E792555-07F4-4210-8753-10042397DB46}.Debug|Any CPU.Build.0 = Debug|Any CPU
		{7E792555-07F4-4210-8753-10042397DB46}.Release|Any CPU.ActiveCfg = Release|Any CPU
		{7E792555-07F4-4210-8753-10042397DB46}.Release|Any CPU.Build.0 = Release|Any CPU
		{49391D78-4B93-45DF-8776-C8EC7DF7F557}.Debug|Any CPU.ActiveCfg = Debug|Any CPU
		{49391D78-4B93-45DF-8776-C8EC7DF7F557}.Debug|Any CPU.Build.0 = Debug|Any CPU
		{49391D78-4B93-45DF-8776-C8EC7DF7F557}.Release|Any CPU.ActiveCfg = Release|Any CPU
		{49391D78-4B93-45DF-8776-C8EC7DF7F557}.Release|Any CPU.Build.0 = Release|Any CPU
		{3D622E7D-936D-42E7-B569-FB6BE7C0F1A5}.Debug|Any CPU.ActiveCfg = Debug|Any CPU
		{3D622E7D-936D-42E7-B569-FB6BE7C0F1A5}.Debug|Any CPU.Build.0 = Debug|Any CPU
		{3D622E7D-936D-42E7-B569-FB6BE7C0F1A5}.Release|Any CPU.ActiveCfg = Release|Any CPU
		{3D622E7D-936D-42E7-B569-FB6BE7C0F1A5}.Release|Any CPU.Build.0 = Release|Any CPU
		{B752CF58-0B74-4DEA-AA67-56262CEF560F}.Debug|Any CPU.ActiveCfg = Debug|Any CPU
		{B752CF58-0B74-4DEA-AA67-56262CEF560F}.Debug|Any CPU.Build.0 = Debug|Any CPU
		{B752CF58-0B74-4DEA-AA67-56262CEF560F}.Release|Any CPU.ActiveCfg = Release|Any CPU
		{B752CF58-0B74-4DEA-AA67-56262CEF560F}.Release|Any CPU.Build.0 = Release|Any CPU
		{04D24A0B-3D9D-42B6-B577-9D06228066DC}.Debug|Any CPU.ActiveCfg = Debug|Any CPU
		{04D24A0B-3D9D-42B6-B577-9D06228066DC}.Debug|Any CPU.Build.0 = Debug|Any CPU
		{04D24A0B-3D9D-42B6-B577-9D06228066DC}.Release|Any CPU.ActiveCfg = Release|Any CPU
		{04D24A0B-3D9D-42B6-B577-9D06228066DC}.Release|Any CPU.Build.0 = Release|Any CPU
		{B04746C8-FB75-4D19-9CBE-1467D7BB0CAA}.Debug|Any CPU.ActiveCfg = Debug|Any CPU
		{B04746C8-FB75-4D19-9CBE-1467D7BB0CAA}.Debug|Any CPU.Build.0 = Debug|Any CPU
		{B04746C8-FB75-4D19-9CBE-1467D7BB0CAA}.Release|Any CPU.ActiveCfg = Release|Any CPU
		{B04746C8-FB75-4D19-9CBE-1467D7BB0CAA}.Release|Any CPU.Build.0 = Release|Any CPU
		{4AD7F4D6-6CA6-4995-97DA-F2D5CC84B24E}.Debug|Any CPU.ActiveCfg = Debug|Any CPU
		{4AD7F4D6-6CA6-4995-97DA-F2D5CC84B24E}.Debug|Any CPU.Build.0 = Debug|Any CPU
		{4AD7F4D6-6CA6-4995-97DA-F2D5CC84B24E}.Release|Any CPU.ActiveCfg = Release|Any CPU
		{4AD7F4D6-6CA6-4995-97DA-F2D5CC84B24E}.Release|Any CPU.Build.0 = Release|Any CPU
		{1F12DBAA-EBE7-433D-BC8F-8DC31FB972AC}.Debug|Any CPU.ActiveCfg = Debug|Any CPU
		{1F12DBAA-EBE7-433D-BC8F-8DC31FB972AC}.Debug|Any CPU.Build.0 = Debug|Any CPU
		{1F12DBAA-EBE7-433D-BC8F-8DC31FB972AC}.Release|Any CPU.ActiveCfg = Release|Any CPU
		{1F12DBAA-EBE7-433D-BC8F-8DC31FB972AC}.Release|Any CPU.Build.0 = Release|Any CPU
		{66774A02-DFC7-4BEF-89A4-55CD7CDB5A4C}.Debug|Any CPU.ActiveCfg = Debug|Any CPU
		{66774A02-DFC7-4BEF-89A4-55CD7CDB5A4C}.Debug|Any CPU.Build.0 = Debug|Any CPU
		{66774A02-DFC7-4BEF-89A4-55CD7CDB5A4C}.Release|Any CPU.ActiveCfg = Release|Any CPU
		{66774A02-DFC7-4BEF-89A4-55CD7CDB5A4C}.Release|Any CPU.Build.0 = Release|Any CPU
		{C13A997D-A656-49B9-B939-574DACD18B24}.Debug|Any CPU.ActiveCfg = Debug|Any CPU
		{C13A997D-A656-49B9-B939-574DACD18B24}.Debug|Any CPU.Build.0 = Debug|Any CPU
		{C13A997D-A656-49B9-B939-574DACD18B24}.Release|Any CPU.ActiveCfg = Release|Any CPU
		{C13A997D-A656-49B9-B939-574DACD18B24}.Release|Any CPU.Build.0 = Release|Any CPU
	EndGlobalSection
	GlobalSection(SolutionProperties) = preSolution
		HideSolutionNode = FALSE
	EndGlobalSection
	GlobalSection(NestedProjects) = preSolution
		{2C1279E1-DAEF-4B95-94C8-022F5EB9885F} = {C785D463-9D8B-4839-9C2F-917CF8018A22}
		{692178A4-8172-4C87-8F3C-3A5CE71E7833} = {2C1279E1-DAEF-4B95-94C8-022F5EB9885F}
		{CAD7960F-8F2C-42AC-AF12-0F39B99DA615} = {2C1279E1-DAEF-4B95-94C8-022F5EB9885F}
		{CDCAC362-0D31-49FB-AD79-59BC9D7AE16A} = {C785D463-9D8B-4839-9C2F-917CF8018A22}
		{D59CE912-7492-4CC0-9709-C87BCBADE871} = {CDCAC362-0D31-49FB-AD79-59BC9D7AE16A}
		{106D2B53-CFD6-4CFB-B607-4DE567B44778} = {CDCAC362-0D31-49FB-AD79-59BC9D7AE16A}
		{8D26BFCB-6592-409A-9AF1-4C543103ED72} = {14ED7015-7A49-4575-AD60-21A9871F1A8B}
		{047C0FB4-626F-4FF7-BC12-788CBE72C06C} = {14ED7015-7A49-4575-AD60-21A9871F1A8B}
		{7E792555-07F4-4210-8753-10042397DB46} = {8D26BFCB-6592-409A-9AF1-4C543103ED72}
		{49391D78-4B93-45DF-8776-C8EC7DF7F557} = {8D26BFCB-6592-409A-9AF1-4C543103ED72}
		{3D622E7D-936D-42E7-B569-FB6BE7C0F1A5} = {14ED7015-7A49-4575-AD60-21A9871F1A8B}
		{B752CF58-0B74-4DEA-AA67-56262CEF560F} = {14ED7015-7A49-4575-AD60-21A9871F1A8B}
		{04D24A0B-3D9D-42B6-B577-9D06228066DC} = {14ED7015-7A49-4575-AD60-21A9871F1A8B}
		{27A7364C-F0D1-4662-803D-C5C215AF0691} = {01CD675B-2238-422F-A60D-8779D5505ED4}
		{B04746C8-FB75-4D19-9CBE-1467D7BB0CAA} = {27A7364C-F0D1-4662-803D-C5C215AF0691}
		{4AD7F4D6-6CA6-4995-97DA-F2D5CC84B24E} = {01CD675B-2238-422F-A60D-8779D5505ED4}
		{1F12DBAA-EBE7-433D-BC8F-8DC31FB972AC} = {01CD675B-2238-422F-A60D-8779D5505ED4}
		{66774A02-DFC7-4BEF-89A4-55CD7CDB5A4C} = {01CD675B-2238-422F-A60D-8779D5505ED4}
		{C13A997D-A656-49B9-B939-574DACD18B24} = {01CD675B-2238-422F-A60D-8779D5505ED4}
	EndGlobalSection
	GlobalSection(ExtensibilityGlobals) = postSolution
		SolutionGuid = {C489A6AD-67F6-48E3-9ECE-724D378E2610}
	EndGlobalSection
EndGlobal
